
Microsoft Visual Studio Solution File, Format Version 12.00
# Visual Studio Version 17
VisualStudioVersion = 17.8.34322.80
MinimumVisualStudioVersion = 10.0.40219.1
Project("{00D1A9C2-B5F0-4AF3-8072-F6C62B433612}") = "Database", "Database\Database.sqlproj", "{B1260614-3B03-47AC-A9F4-6CCF502CC622}"
	ProjectSection(ProjectDependencies) = postProject
		{31F89490-B2A3-49BE-9793-E5C5B30C4826} = {31F89490-B2A3-49BE-9793-E5C5B30C4826}
	EndProjectSection
EndProject
Project("{9A19103F-16F7-4668-BE54-9A1E7A4F7556}") = "WebUI.Core.Mvc", "WebUI.Core.Mvc\WebUI.Core.Mvc.csproj", "{31F89490-B2A3-49BE-9793-E5C5B30C4826}"
EndProject
Global
	GlobalSection(SolutionConfigurationPlatforms) = preSolution
		Debug|Any CPU = Debug|Any CPU
		Release|Any CPU = Release|Any CPU
	EndGlobalSection
	GlobalSection(ProjectConfigurationPlatforms) = postSolution
		{B1260614-3B03-47AC-A9F4-6CCF502CC622}.Debug|Any CPU.ActiveCfg = Debug|Any CPU
		{B1260614-3B03-47AC-A9F4-6CCF502CC622}.Debug|Any CPU.Build.0 = Debug|Any CPU
		{B1260614-3B03-47AC-A9F4-6CCF502CC622}.Debug|Any CPU.Deploy.0 = Debug|Any CPU
		{B1260614-3B03-47AC-A9F4-6CCF502CC622}.Release|Any CPU.ActiveCfg = Release|Any CPU
		{B1260614-3B03-47AC-A9F4-6CCF502CC622}.Release|Any CPU.Build.0 = Release|Any CPU
		{B1260614-3B03-47AC-A9F4-6CCF502CC622}.Release|Any CPU.Deploy.0 = Release|Any CPU
		{31F89490-B2A3-49BE-9793-E5C5B30C4826}.Debug|Any CPU.ActiveCfg = Debug|Any CPU
		{31F89490-B2A3-49BE-9793-E5C5B30C4826}.Debug|Any CPU.Build.0 = Debug|Any CPU
		{31F89490-B2A3-49BE-9793-E5C5B30C4826}.Release|Any CPU.ActiveCfg = Release|Any CPU
		{31F89490-B2A3-49BE-9793-E5C5B30C4826}.Release|Any CPU.Build.0 = Release|Any CPU
	EndGlobalSection
	GlobalSection(SolutionProperties) = preSolution
		HideSolutionNode = FALSE
	EndGlobalSection
	GlobalSection(ExtensibilityGlobals) = postSolution
		SolutionGuid = {0954CB0D-72C4-4587-9174-9C8E3B010D17}
	EndGlobalSection
EndGlobal
