
Microsoft Visual Studio Solution File, Format Version 12.00
# Visual Studio Version 17
VisualStudioVersion = 17.11.35222.181
MinimumVisualStudioVersion = 10.0.40219.1
Project("{FAE04EC0-301F-11D3-BF4B-00C04F79EFBC}") = "Backend", "Backend\Backend.csproj", "{20DD3FC7-853B-4E33-AECB-0C7446235C6F}"
EndProject
Project("{E24C65DC-7377-472B-9ABA-BC803B73C61A}") = "AdminWeb", "AdminWeb\", "{4B7ECC00-36DD-4C02-B603-E24CEF126897}"
	ProjectSection(WebsiteProperties) = preProject
		TargetFrameworkMoniker = ".NETFramework,Version%3Dv4.7.2"
		Debug.AspNetCompiler.VirtualPath = "/localhost_63103"
		Debug.AspNetCompiler.PhysicalPath = "AdminWeb\"
		Debug.AspNetCompiler.TargetPath = "PrecompiledWeb\localhost_63103\"
		Debug.AspNetCompiler.Updateable = "true"
		Debug.AspNetCompiler.ForceOverwrite = "true"
		Debug.AspNetCompiler.FixedNames = "false"
		Debug.AspNetCompiler.Debug = "True"
		Release.AspNetCompiler.VirtualPath = "/localhost_63103"
		Release.AspNetCompiler.PhysicalPath = "AdminWeb\"
		Release.AspNetCompiler.TargetPath = "PrecompiledWeb\localhost_63103\"
		Release.AspNetCompiler.Updateable = "true"
		Release.AspNetCompiler.ForceOverwrite = "true"
		Release.AspNetCompiler.FixedNames = "false"
		Release.AspNetCompiler.Debug = "False"
		VWDPort = "63103"
		SlnRelativePath = "AdminWeb\"
		DefaultWebSiteLanguage = "Visual Basic"
	EndProjectSection
EndProject
Project("{00D1A9C2-B5F0-4AF3-8072-F6C62B433612}") = "Database", "Database\Database.sqlproj", "{389995F8-AF4A-4E14-9B1F-C25F71BCC67C}"
EndProject
Project("{E24C65DC-7377-472B-9ABA-BC803B73C61A}") = "Frontend", "Frontend\", "{2D9BFF85-E158-4D7B-94F2-5B627FF156AA}"
	ProjectSection(WebsiteProperties) = preProject
		TargetFrameworkMoniker = ".NETFramework,Version%3Dv4.7.2"
		Debug.AspNetCompiler.VirtualPath = "/localhost_50945"
		Debug.AspNetCompiler.PhysicalPath = "Frontend\"
		Debug.AspNetCompiler.TargetPath = "PrecompiledWeb\localhost_50945\"
		Debug.AspNetCompiler.Updateable = "true"
		Debug.AspNetCompiler.ForceOverwrite = "true"
		Debug.AspNetCompiler.FixedNames = "false"
		Debug.AspNetCompiler.Debug = "True"
		Release.AspNetCompiler.VirtualPath = "/localhost_50945"
		Release.AspNetCompiler.PhysicalPath = "Frontend\"
		Release.AspNetCompiler.TargetPath = "PrecompiledWeb\localhost_50945\"
		Release.AspNetCompiler.Updateable = "true"
		Release.AspNetCompiler.ForceOverwrite = "true"
		Release.AspNetCompiler.FixedNames = "false"
		Release.AspNetCompiler.Debug = "False"
		VWDPort = "50945"
		SlnRelativePath = "Frontend\"
		DefaultWebSiteLanguage = "Visual Basic"
	EndProjectSection
EndProject
Project("{FAE04EC0-301F-11D3-BF4B-00C04F79EFBC}") = "Monitoring", "Monitoring\Monitoring.csproj", "{1BEF0737-862E-489B-B67C-A73679DE84FE}"
EndProject
Project("{FAE04EC0-301F-11D3-BF4B-00C04F79EFBC}") = "ToolsConsole", "ToolsConsole\ToolsConsole.csproj", "{09DDF8C1-46BF-4E2D-9295-7D96E2EEF337}"
EndProject
Project("{FAE04EC0-301F-11D3-BF4B-00C04F79EFBC}") = "TdcBuddyPopup", "TdcBuddyPopup\TdcBuddyPopup.csproj", "{5A1CFF87-C7F1-418B-BDAB-E00726C563F6}"
EndProject
Global
	GlobalSection(SolutionConfigurationPlatforms) = preSolution
		Debug|Any CPU = Debug|Any CPU
		DEV|Any CPU = DEV|Any CPU
		JHATEST|Any CPU = JHATEST|Any CPU
		RegSyd|Any CPU = RegSyd|Any CPU
		Release|Any CPU = Release|Any CPU
		TEST|Any CPU = TEST|Any CPU
	EndGlobalSection
	GlobalSection(ProjectConfigurationPlatforms) = postSolution
		{20DD3FC7-853B-4E33-AECB-0C7446235C6F}.Debug|Any CPU.ActiveCfg = Debug|Any CPU
		{20DD3FC7-853B-4E33-AECB-0C7446235C6F}.Debug|Any CPU.Build.0 = Debug|Any CPU
		{20DD3FC7-853B-4E33-AECB-0C7446235C6F}.DEV|Any CPU.ActiveCfg = DEV|Any CPU
		{20DD3FC7-853B-4E33-AECB-0C7446235C6F}.DEV|Any CPU.Build.0 = DEV|Any CPU
		{20DD3FC7-853B-4E33-AECB-0C7446235C6F}.JHATEST|Any CPU.ActiveCfg = JHATEST|Any CPU
		{20DD3FC7-853B-4E33-AECB-0C7446235C6F}.JHATEST|Any CPU.Build.0 = JHATEST|Any CPU
		{20DD3FC7-853B-4E33-AECB-0C7446235C6F}.RegSyd|Any CPU.ActiveCfg = Release|Any CPU
		{20DD3FC7-853B-4E33-AECB-0C7446235C6F}.RegSyd|Any CPU.Build.0 = Release|Any CPU
		{20DD3FC7-853B-4E33-AECB-0C7446235C6F}.Release|Any CPU.ActiveCfg = Release|Any CPU
		{20DD3FC7-853B-4E33-AECB-0C7446235C6F}.Release|Any CPU.Build.0 = Release|Any CPU
		{20DD3FC7-853B-4E33-AECB-0C7446235C6F}.TEST|Any CPU.ActiveCfg = TEST|Any CPU
		{20DD3FC7-853B-4E33-AECB-0C7446235C6F}.TEST|Any CPU.Build.0 = TEST|Any CPU
		{4B7ECC00-36DD-4C02-B603-E24CEF126897}.Debug|Any CPU.ActiveCfg = Debug|Any CPU
		{4B7ECC00-36DD-4C02-B603-E24CEF126897}.Debug|Any CPU.Build.0 = Debug|Any CPU
		{4B7ECC00-36DD-4C02-B603-E24CEF126897}.DEV|Any CPU.ActiveCfg = Debug|Any CPU
		{4B7ECC00-36DD-4C02-B603-E24CEF126897}.DEV|Any CPU.Build.0 = Debug|Any CPU
		{4B7ECC00-36DD-4C02-B603-E24CEF126897}.JHATEST|Any CPU.ActiveCfg = Debug|Any CPU
		{4B7ECC00-36DD-4C02-B603-E24CEF126897}.JHATEST|Any CPU.Build.0 = Debug|Any CPU
		{4B7ECC00-36DD-4C02-B603-E24CEF126897}.RegSyd|Any CPU.ActiveCfg = Debug|Any CPU
		{4B7ECC00-36DD-4C02-B603-E24CEF126897}.RegSyd|Any CPU.Build.0 = Debug|Any CPU
		{4B7ECC00-36DD-4C02-B603-E24CEF126897}.Release|Any CPU.ActiveCfg = Debug|Any CPU
		{4B7ECC00-36DD-4C02-B603-E24CEF126897}.Release|Any CPU.Build.0 = Debug|Any CPU
		{4B7ECC00-36DD-4C02-B603-E24CEF126897}.TEST|Any CPU.ActiveCfg = Debug|Any CPU
		{4B7ECC00-36DD-4C02-B603-E24CEF126897}.TEST|Any CPU.Build.0 = Debug|Any CPU
		{389995F8-AF4A-4E14-9B1F-C25F71BCC67C}.Debug|Any CPU.ActiveCfg = Debug|Any CPU
		{389995F8-AF4A-4E14-9B1F-C25F71BCC67C}.Debug|Any CPU.Build.0 = Debug|Any CPU
		{389995F8-AF4A-4E14-9B1F-C25F71BCC67C}.Debug|Any CPU.Deploy.0 = Debug|Any CPU
		{389995F8-AF4A-4E14-9B1F-C25F71BCC67C}.DEV|Any CPU.ActiveCfg = Debug|Any CPU
		{389995F8-AF4A-4E14-9B1F-C25F71BCC67C}.DEV|Any CPU.Build.0 = Debug|Any CPU
		{389995F8-AF4A-4E14-9B1F-C25F71BCC67C}.DEV|Any CPU.Deploy.0 = Debug|Any CPU
		{389995F8-AF4A-4E14-9B1F-C25F71BCC67C}.JHATEST|Any CPU.ActiveCfg = Release|Any CPU
		{389995F8-AF4A-4E14-9B1F-C25F71BCC67C}.JHATEST|Any CPU.Build.0 = Release|Any CPU
		{389995F8-AF4A-4E14-9B1F-C25F71BCC67C}.JHATEST|Any CPU.Deploy.0 = Release|Any CPU
		{389995F8-AF4A-4E14-9B1F-C25F71BCC67C}.RegSyd|Any CPU.ActiveCfg = Release|Any CPU
		{389995F8-AF4A-4E14-9B1F-C25F71BCC67C}.RegSyd|Any CPU.Build.0 = Release|Any CPU
		{389995F8-AF4A-4E14-9B1F-C25F71BCC67C}.RegSyd|Any CPU.Deploy.0 = Release|Any CPU
		{389995F8-AF4A-4E14-9B1F-C25F71BCC67C}.Release|Any CPU.ActiveCfg = Release|Any CPU
		{389995F8-AF4A-4E14-9B1F-C25F71BCC67C}.Release|Any CPU.Build.0 = Release|Any CPU
		{389995F8-AF4A-4E14-9B1F-C25F71BCC67C}.Release|Any CPU.Deploy.0 = Release|Any CPU
		{389995F8-AF4A-4E14-9B1F-C25F71BCC67C}.TEST|Any CPU.ActiveCfg = Release|Any CPU
		{389995F8-AF4A-4E14-9B1F-C25F71BCC67C}.TEST|Any CPU.Build.0 = Release|Any CPU
		{389995F8-AF4A-4E14-9B1F-C25F71BCC67C}.TEST|Any CPU.Deploy.0 = Release|Any CPU
		{2D9BFF85-E158-4D7B-94F2-5B627FF156AA}.Debug|Any CPU.ActiveCfg = Debug|Any CPU
		{2D9BFF85-E158-4D7B-94F2-5B627FF156AA}.Debug|Any CPU.Build.0 = Debug|Any CPU
		{2D9BFF85-E158-4D7B-94F2-5B627FF156AA}.DEV|Any CPU.ActiveCfg = Debug|Any CPU
		{2D9BFF85-E158-4D7B-94F2-5B627FF156AA}.DEV|Any CPU.Build.0 = Debug|Any CPU
		{2D9BFF85-E158-4D7B-94F2-5B627FF156AA}.JHATEST|Any CPU.ActiveCfg = Debug|Any CPU
		{2D9BFF85-E158-4D7B-94F2-5B627FF156AA}.JHATEST|Any CPU.Build.0 = Debug|Any CPU
		{2D9BFF85-E158-4D7B-94F2-5B627FF156AA}.RegSyd|Any CPU.ActiveCfg = Debug|Any CPU
		{2D9BFF85-E158-4D7B-94F2-5B627FF156AA}.RegSyd|Any CPU.Build.0 = Debug|Any CPU
		{2D9BFF85-E158-4D7B-94F2-5B627FF156AA}.Release|Any CPU.ActiveCfg = Debug|Any CPU
		{2D9BFF85-E158-4D7B-94F2-5B627FF156AA}.Release|Any CPU.Build.0 = Debug|Any CPU
		{2D9BFF85-E158-4D7B-94F2-5B627FF156AA}.TEST|Any CPU.ActiveCfg = Debug|Any CPU
		{2D9BFF85-E158-4D7B-94F2-5B627FF156AA}.TEST|Any CPU.Build.0 = Debug|Any CPU
		{1BEF0737-862E-489B-B67C-A73679DE84FE}.Debug|Any CPU.ActiveCfg = Debug|Any CPU
		{1BEF0737-862E-489B-B67C-A73679DE84FE}.Debug|Any CPU.Build.0 = Debug|Any CPU
		{1BEF0737-862E-489B-B67C-A73679DE84FE}.DEV|Any CPU.ActiveCfg = Debug|Any CPU
		{1BEF0737-862E-489B-B67C-A73679DE84FE}.DEV|Any CPU.Build.0 = Debug|Any CPU
		{1BEF0737-862E-489B-B67C-A73679DE84FE}.JHATEST|Any CPU.ActiveCfg = Debug|Any CPU
		{1BEF0737-862E-489B-B67C-A73679DE84FE}.JHATEST|Any CPU.Build.0 = Debug|Any CPU
		{1BEF0737-862E-489B-B67C-A73679DE84FE}.RegSyd|Any CPU.ActiveCfg = Release|Any CPU
		{1BEF0737-862E-489B-B67C-A73679DE84FE}.RegSyd|Any CPU.Build.0 = Release|Any CPU
		{1BEF0737-862E-489B-B67C-A73679DE84FE}.Release|Any CPU.ActiveCfg = Release|Any CPU
		{1BEF0737-862E-489B-B67C-A73679DE84FE}.Release|Any CPU.Build.0 = Release|Any CPU
		{1BEF0737-862E-489B-B67C-A73679DE84FE}.TEST|Any CPU.ActiveCfg = Debug|Any CPU
		{1BEF0737-862E-489B-B67C-A73679DE84FE}.TEST|Any CPU.Build.0 = Debug|Any CPU
		{09DDF8C1-46BF-4E2D-9295-7D96E2EEF337}.Debug|Any CPU.ActiveCfg = Debug|Any CPU
		{09DDF8C1-46BF-4E2D-9295-7D96E2EEF337}.Debug|Any CPU.Build.0 = Debug|Any CPU
		{09DDF8C1-46BF-4E2D-9295-7D96E2EEF337}.DEV|Any CPU.ActiveCfg = Debug|Any CPU
		{09DDF8C1-46BF-4E2D-9295-7D96E2EEF337}.DEV|Any CPU.Build.0 = Debug|Any CPU
		{09DDF8C1-46BF-4E2D-9295-7D96E2EEF337}.JHATEST|Any CPU.ActiveCfg = Debug|Any CPU
		{09DDF8C1-46BF-4E2D-9295-7D96E2EEF337}.JHATEST|Any CPU.Build.0 = Debug|Any CPU
		{09DDF8C1-46BF-4E2D-9295-7D96E2EEF337}.RegSyd|Any CPU.ActiveCfg = RegSyd|Any CPU
		{09DDF8C1-46BF-4E2D-9295-7D96E2EEF337}.RegSyd|Any CPU.Build.0 = RegSyd|Any CPU
		{09DDF8C1-46BF-4E2D-9295-7D96E2EEF337}.Release|Any CPU.ActiveCfg = Release|Any CPU
		{09DDF8C1-46BF-4E2D-9295-7D96E2EEF337}.Release|Any CPU.Build.0 = Release|Any CPU
		{09DDF8C1-46BF-4E2D-9295-7D96E2EEF337}.TEST|Any CPU.ActiveCfg = Debug|Any CPU
		{09DDF8C1-46BF-4E2D-9295-7D96E2EEF337}.TEST|Any CPU.Build.0 = Debug|Any CPU
		{5A1CFF87-C7F1-418B-BDAB-E00726C563F6}.Debug|Any CPU.ActiveCfg = Debug|Any CPU
		{5A1CFF87-C7F1-418B-BDAB-E00726C563F6}.Debug|Any CPU.Build.0 = Debug|Any CPU
		{5A1CFF87-C7F1-418B-BDAB-E00726C563F6}.DEV|Any CPU.ActiveCfg = Debug|Any CPU
		{5A1CFF87-C7F1-418B-BDAB-E00726C563F6}.DEV|Any CPU.Build.0 = Debug|Any CPU
		{5A1CFF87-C7F1-418B-BDAB-E00726C563F6}.JHATEST|Any CPU.ActiveCfg = Debug|Any CPU
		{5A1CFF87-C7F1-418B-BDAB-E00726C563F6}.JHATEST|Any CPU.Build.0 = Debug|Any CPU
		{5A1CFF87-C7F1-418B-BDAB-E00726C563F6}.RegSyd|Any CPU.ActiveCfg = Release|Any CPU
		{5A1CFF87-C7F1-418B-BDAB-E00726C563F6}.RegSyd|Any CPU.Build.0 = Release|Any CPU
		{5A1CFF87-C7F1-418B-BDAB-E00726C563F6}.Release|Any CPU.ActiveCfg = Release|Any CPU
		{5A1CFF87-C7F1-418B-BDAB-E00726C563F6}.Release|Any CPU.Build.0 = Release|Any CPU
		{5A1CFF87-C7F1-418B-BDAB-E00726C563F6}.TEST|Any CPU.ActiveCfg = Debug|Any CPU
		{5A1CFF87-C7F1-418B-BDAB-E00726C563F6}.TEST|Any CPU.Build.0 = Debug|Any CPU
	EndGlobalSection
	GlobalSection(SolutionProperties) = preSolution
		HideSolutionNode = FALSE
	EndGlobalSection
	GlobalSection(ExtensibilityGlobals) = postSolution
		SolutionGuid = {DA24E313-6D93-4C1D-9DDA-67513354A361}
	EndGlobalSection
EndGlobal
